
Microsoft Visual Studio Solution File, Format Version 12.00
# Visual Studio 15
VisualStudioVersion = 15.0.28307.572
MinimumVisualStudioVersion = 10.0.40219.1
Project("{8BC9CEB8-8B4A-11D0-8D11-00A0C91BC942}") = "깃허브0611", "깃허브0611\깃허브0611.vcxproj", "{5DD76D8D-B990-4D9E-BEE3-2151657BCA99}"
EndProject
Global
	GlobalSection(SolutionConfigurationPlatforms) = preSolution
		Debug|x64 = Debug|x64
		Debug|x86 = Debug|x86
		Release|x64 = Release|x64
		Release|x86 = Release|x86
	EndGlobalSection
	GlobalSection(ProjectConfigurationPlatforms) = postSolution
		{5DD76D8D-B990-4D9E-BEE3-2151657BCA99}.Debug|x64.ActiveCfg = Debug|x64
		{5DD76D8D-B990-4D9E-BEE3-2151657BCA99}.Debug|x64.Build.0 = Debug|x64
		{5DD76D8D-B990-4D9E-BEE3-2151657BCA99}.Debug|x86.ActiveCfg = Debug|Win32
		{5DD76D8D-B990-4D9E-BEE3-2151657BCA99}.Debug|x86.Build.0 = Debug|Win32
		{5DD76D8D-B990-4D9E-BEE3-2151657BCA99}.Release|x64.ActiveCfg = Release|x64
		{5DD76D8D-B990-4D9E-BEE3-2151657BCA99}.Release|x64.Build.0 = Release|x64
		{5DD76D8D-B990-4D9E-BEE3-2151657BCA99}.Release|x86.ActiveCfg = Release|Win32
		{5DD76D8D-B990-4D9E-BEE3-2151657BCA99}.Release|x86.Build.0 = Release|Win32
	EndGlobalSection
	GlobalSection(SolutionProperties) = preSolution
		HideSolutionNode = FALSE
	EndGlobalSection
	GlobalSection(ExtensibilityGlobals) = postSolution
		SolutionGuid = {FCCF826A-847A-4BCF-B49A-707F7BBEF2F6}
	EndGlobalSection
EndGlobal
